
Microsoft Visual Studio Solution File, Format Version 12.00
# Visual Studio 15
VisualStudioVersion = 15.0.28307.572
MinimumVisualStudioVersion = 10.0.40219.1
Project("{9A19103F-16F7-4668-BE54-9A1E7A4F7556}") = "ProductReviewsAPI", "ProductReviewsAPI.csproj", "{3C3F91A7-F6C6-4EF3-B6DE-77DB5186B3C4}"
EndProject
Global
	GlobalSection(SolutionConfigurationPlatforms) = preSolution
		Debug|Any CPU = Debug|Any CPU
		Release|Any CPU = Release|Any CPU
	EndGlobalSection
	GlobalSection(ProjectConfigurationPlatforms) = postSolution
		{3C3F91A7-F6C6-4EF3-B6DE-77DB5186B3C4}.Debug|Any CPU.ActiveCfg = Debug|Any CPU
		{3C3F91A7-F6C6-4EF3-B6DE-77DB5186B3C4}.Debug|Any CPU.Build.0 = Debug|Any CPU
		{3C3F91A7-F6C6-4EF3-B6DE-77DB5186B3C4}.Release|Any CPU.ActiveCfg = Release|Any CPU
		{3C3F91A7-F6C6-4EF3-B6DE-77DB5186B3C4}.Release|Any CPU.Build.0 = Release|Any CPU
	EndGlobalSection
	GlobalSection(SolutionProperties) = preSolution
		HideSolutionNode = FALSE
	EndGlobalSection
	GlobalSection(ExtensibilityGlobals) = postSolution
		SolutionGuid = {654035AF-DD1C-4118-90D9-FEB655F0F064}
	EndGlobalSection
EndGlobal
