
Microsoft Visual Studio Solution File, Format Version 12.00
# Visual Studio Version 16
VisualStudioVersion = 16.0.29613.14
MinimumVisualStudioVersion = 10.0.40219.1
Project("{FAE04EC0-301F-11D3-BF4B-00C04F79EFBC}") = "Baseball", "Baseball\Baseball.csproj", "{CA4C9971-025E-4F32-997E-7415AE3DAF40}"
EndProject
Global
	GlobalSection(SolutionConfigurationPlatforms) = preSolution
		Debug|Any CPU = Debug|Any CPU
		Release|Any CPU = Release|Any CPU
	EndGlobalSection
	GlobalSection(ProjectConfigurationPlatforms) = postSolution
		{CA4C9971-025E-4F32-997E-7415AE3DAF40}.Debug|Any CPU.ActiveCfg = Debug|Any CPU
		{CA4C9971-025E-4F32-997E-7415AE3DAF40}.Debug|Any CPU.Build.0 = Debug|Any CPU
		{CA4C9971-025E-4F32-997E-7415AE3DAF40}.Release|Any CPU.ActiveCfg = Release|Any CPU
		{CA4C9971-025E-4F32-997E-7415AE3DAF40}.Release|Any CPU.Build.0 = Release|Any CPU
	EndGlobalSection
	GlobalSection(SolutionProperties) = preSolution
		HideSolutionNode = FALSE
	EndGlobalSection
	GlobalSection(ExtensibilityGlobals) = postSolution
		SolutionGuid = {2465193B-A366-4DAB-8160-E612BDE0A21E}
	EndGlobalSection
EndGlobal
